<?xml version="1.0" encoding="utf-8"?>
<Project ToolsVersion="4.0" xmlns="http://schemas.microsoft.com/developer/msbuild/2003">
  <ItemGroup>
    <Filter Include="Source Files">
      <UniqueIdentifier>{4FC737F1-C7A5-4376-A066-2A32D752A2FF}</UniqueIdentifier>
      <Extensions>cpp;c;cc;cxx;def;odl;idl;hpj;bat;asm;asmx</Extensions>
    </Filter>
    <Filter Include="Header Files">
      <UniqueIdentifier>{93995380-89BD-4b04-88EB-625FBE52EBFB}</UniqueIdentifier>
      <Extensions>h;hpp;hxx;hm;inl;inc;xsd</Extensions>
    </Filter>
    <Filter Include="Resource Files">
      <UniqueIdentifier>{67DA6AB6-F800-4c08-8B7A-83BB121AAD01}</UniqueIdentifier>
      <Extensions>rc;ico;cur;bmp;dlg;rc2;rct;bin;rgs;gif;jpg;jpeg;jpe;resx;tiff;tif;png;wav;mfcribbon-ms</Extensions>
    </Filter>
  </ItemGroup>
  <ItemGroup>
    <ClInclude Include="..\..\Lint.h">
      <Filter>Header Files</Filter>
    </ClInclude>
    <ClInclude Include="..\..\LINT1.H">
      <Filter>Header Files</Filter>
    </ClInclude>
    <ClInclude Include="..\..\LINT12.H">
      <Filter>Header Files</Filter>
    </ClInclude>
    <ClInclude Include="..\..\lintpp.h">
      <Filter>Header Files</Filter>
    </ClInclude>
    <ClInclude Include="..\..\lratpp.h">
      <Filter>Header Files</Filter>
    </ClInclude>
    <ClInclude Include="..\..\Lsint.h">
      <Filter>Header Files</Filter>
    </ClInclude>
    <ClInclude Include="..\..\Lstor.h">
      <Filter>Header Files</Filter>
    </ClInclude>
  </ItemGroup>
  <ItemGroup>
    <ClCompile Include="..\..\Lblock.c">
      <Filter>Source Files</Filter>
    </ClCompile>
    <ClCompile Include="..\..\LFAIL.C">
      <Filter>Source Files</Filter>
    </ClCompile>
    <ClCompile Include="..\..\Lint.c">
      <Filter>Source Files</Filter>
    </ClCompile>
    <ClCompile Include="..\..\LINT1.C">
      <Filter>Source Files</Filter>
    </ClCompile>
    <ClCompile Include="..\..\Lint12.c">
      <Filter>Source Files</Filter>
    </ClCompile>
    <ClCompile Include="..\..\lintpp.cpp">
      <Filter>Source Files</Filter>
    </ClCompile>
    <ClCompile Include="..\..\lratpp.cpp">
      <Filter>Source Files</Filter>
    </ClCompile>
    <ClCompile Include="..\..\LSFIO.C">
      <Filter>Source Files</Filter>
    </ClCompile>
    <ClCompile Include="..\..\LSGCD.C">
      <Filter>Source Files</Filter>
    </ClCompile>
    <ClCompile Include="..\..\Lsint.c">
      <Filter>Source Files</Filter>
    </ClCompile>
    <ClCompile Include="..\..\LSLCM.C">
      <Filter>Source Files</Filter>
    </ClCompile>
    <ClCompile Include="..\..\LSRND.C">
      <Filter>Source Files</Filter>
    </ClCompile>
    <ClCompile Include="..\..\Lstor.c">
      <Filter>Source Files</Filter>
    </ClCompile>
  </ItemGroup>
</Project>